<?xml version="1.0" encoding="utf-8"?>
<Project ToolsVersion="4.0" xmlns="http://schemas.microsoft.com/developer/msbuild/2003">
  <ItemGroup>
    <ClCompile Include="Bodies.cpp" />
    <ClCompile Include="BodyModifier.cpp" />
    <ClCompile Include="Debug.cpp" />
    <ClCompile Include="GameSceneManager.cpp" />
    <ClCompile Include="Mesh.cpp" />
    <ClCompile Include="Model0.cpp" />
    <ClCompile Include="Main.cpp" />
    <ClCompile Include="MMath.cpp" />
    <ClCompile Include="ObjLoader.cpp" />
    <ClCompile Include="Scene.cpp" />
    <ClCompile Include="Scene0.cpp" />
    <ClCompile Include="Scene1.cpp" />
    <ClCompile Include="Scene2.cpp" />
    <ClCompile Include="Scene3.cpp" />
    <ClCompile Include="Shader.cpp" />
    <ClCompile Include="Timer.cpp" />
    <ClCompile Include="Trackball.cpp" />
    <ClCompile Include="VMath.cpp" />
    <ClCompile Include="Window.cpp" />
    <ClCompile Include="Object.cpp" />
    <ClCompile Include="Model1.cpp" />
    <ClCompile Include="ModelTree.cpp" />
    <ClCompile Include="Camera.cpp" />
    <ClCompile Include="MatrixStack.cpp" />
    <ClCompile Include="QMath.cpp" />
    <ClCompile Include="QuadSphere.cpp" />
    <ClCompile Include="Randomizer.cpp" />
    <ClCompile Include="StackMngr.cpp" />
  </ItemGroup>
  <ItemGroup>
    <ClInclude Include="Bodies.h" />
    <ClInclude Include="BodyModifier.h" />
    <ClInclude Include="Debug.h" />
    <ClInclude Include="Mesh.h" />
    <ClInclude Include="Model.h" />
    <ClInclude Include="GameSceneManager.h" />
    <ClInclude Include="Model0.h" />
    <ClInclude Include="Matrix.h" />
    <ClInclude Include="MMath.h" />
    <ClInclude Include="ObjLoader.h" />
    <ClInclude Include="Scene.h" />
    <ClInclude Include="Scene0.h" />
    <ClInclude Include="Scene1.h" />
    <ClInclude Include="Scene2.h" />
    <ClInclude Include="Scene3.h" />
    <ClInclude Include="Shader.h" />
    <ClInclude Include="Timer.h" />
    <ClInclude Include="Trackball.h" />
    <ClInclude Include="Vector.h" />
    <ClInclude Include="VMath.h" />
    <ClInclude Include="Window.h" />
    <ClInclude Include="Object.h" />
    <ClInclude Include="Model1.h" />
    <ClInclude Include="ModelTree.h" />
    <ClInclude Include="Camera.h" />
    <ClInclude Include="MatrixStack.h" />
    <ClInclude Include="QMath.h" />
    <ClInclude Include="QuadSphere.h" />
    <ClInclude Include="Quaternion.h" />
    <ClInclude Include="Randomizer.h" />
    <ClInclude Include="StackMngr.h" />
  </ItemGroup>
  <ItemGroup>
    <None Include="phongFrag.glsl" />
    <None Include="phongVert.glsl" />
  </ItemGroup>
  <ItemGroup>
    <Text Include="log.txt" />
  </ItemGroup>
</Project>